// !$*UTF8*$!
{
	archiveVersion = 1;
	classes = {
	};
	objectVersion = 46;
	objects = {

/* Begin PBXBuildFile section */
		8BB6A7481DC3CB5500817591 /* AppDelegate.swift in Sources */ = {isa = PBXBuildFile; fileRef = 8BB6A7471DC3CB5500817591 /* AppDelegate.swift */; };
		8BB6A74A1DC3CB5500817591 /* ViewController.swift in Sources */ = {isa = PBXBuildFile; fileRef = 8BB6A7491DC3CB5500817591 /* ViewController.swift */; };
		8BB6A74D1DC3CB5500817591 /* Main.storyboard in Resources */ = {isa = PBXBuildFile; fileRef = 8BB6A74B1DC3CB5500817591 /* Main.storyboard */; };
		8BB6A74F1DC3CB5500817591 /* Assets.xcassets in Resources */ = {isa = PBXBuildFile; fileRef = 8BB6A74E1DC3CB5500817591 /* Assets.xcassets */; };
		8BB6A7521DC3CB5500817591 /* LaunchScreen.storyboard in Resources */ = {isa = PBXBuildFile; fileRef = 8BB6A7501DC3CB5500817591 /* LaunchScreen.storyboard */; };
		8BB6A75D1DC3CB5500817591 /* HackathonTests.swift in Sources */ = {isa = PBXBuildFile; fileRef = 8BB6A75C1DC3CB5500817591 /* HackathonTests.swift */; };
/* End PBXBuildFile section */

/* Begin PBXContainerItemProxy section */
		8BB6A7591DC3CB5500817591 /* PBXContainerItemProxy */ = {
			isa = PBXContainerItemProxy;
			containerPortal = 8BB6A73C1DC3CB5500817591 /* Project object */;
			proxyType = 1;
			remoteGlobalIDString = 8BB6A7431DC3CB5500817591;
			remoteInfo = Hackathon;
		};
/* End PBXContainerItemProxy section */

/* Begin PBXFileReference section */
		8BB6A7441DC3CB5500817591 /* Hackathon.app */ = {isa = PBXFileReference; explicitFileType = wrapper.application; includeInIndex = 0; path = Hackathon.app; sourceTree = BUILT_PRODUCTS_DIR; };
		8BB6A7471DC3CB5500817591 /* AppDelegate.swift */ = {isa = PBXFileReference; lastKnownFileType = sourcecode.swift; path = AppDelegate.swift; sourceTree = "<group>"; };
		8BB6A7491DC3CB5500817591 /* ViewController.swift */ = {isa = PBXFileReference; lastKnownFileType = sourcecode.swift; path = ViewController.swift; sourceTree = "<group>"; };
		8BB6A74C1DC3CB5500817591 /* Base */ = {isa = PBXFileReference; lastKnownFileType = file.storyboard; name = Base; path = Base.lproj/Main.storyboard; sourceTree = "<group>"; };
		8BB6A74E1DC3CB5500817591 /* Assets.xcassets */ = {isa = PBXFileReference; lastKnownFileType = folder.assetcatalog; path = Assets.xcassets; sourceTree = "<group>"; };
		8BB6A7511DC3CB5500817591 /* Base */ = {isa = PBXFileReference; lastKnownFileType = file.storyboard; name = Base; path = Base.lproj/LaunchScreen.storyboard; sourceTree = "<group>"; };
		8BB6A7531DC3CB5500817591 /* Info.plist */ = {isa = PBXFileReference; lastKnownFileType = text.plist.xml; path = Info.plist; sourceTree = "<group>"; };
		8BB6A7581DC3CB5500817591 /* HackathonTests.xctest */ = {isa = PBXFileReference; explicitFileType = wrapper.cfbundle; includeInIndex = 0; path = HackathonTests.xctest; sourceTree = BUILT_PRODUCTS_DIR; };
		8BB6A75C1DC3CB5500817591 /* HackathonTests.swift */ = {isa = PBXFileReference; lastKnownFileType = sourcecode.swift; path = HackathonTests.swift; sourceTree = "<group>"; };
		8BB6A75E1DC3CB5500817591 /* Info.plist */ = {isa = PBXFileReference; lastKnownFileType = text.plist.xml; path = Info.plist; sourceTree = "<group>"; };
/* End PBXFileReference section */

/* Begin PBXFrameworksBuildPhase section */
		8BB6A7411DC3CB5500817591 /* Frameworks */ = {
			isa = PBXFrameworksBuildPhase;
			buildActionMask = 2147483647;
			files = (
			);
			runOnlyForDeploymentPostprocessing = 0;
		};
		8BB6A7551DC3CB5500817591 /* Frameworks */ = {
			isa = PBXFrameworksBuildPhase;
			buildActionMask = 2147483647;
			files = (
			);
			runOnlyForDeploymentPostprocessing = 0;
		};
/* End PBXFrameworksBuildPhase section */

/* Begin PBXGroup section */
		8BB6A73B1DC3CB5500817591 = {
			isa = PBXGroup;
			children = (
				8BB6A7461DC3CB5500817591 /* Hackathon */,
				8BB6A75B1DC3CB5500817591 /* HackathonTests */,
				8BB6A7451DC3CB5500817591 /* Products */,
			);
			sourceTree = "<group>";
		};
		8BB6A7451DC3CB5500817591 /* Products */ = {
			isa = PBXGroup;
			children = (
				8BB6A7441DC3CB5500817591 /* Hackathon.app */,
				8BB6A7581DC3CB5500817591 /* HackathonTests.xctest */,
			);
			name = Products;
			sourceTree = "<group>";
		};
		8BB6A7461DC3CB5500817591 /* Hackathon */ = {
			isa = PBXGroup;
			children = (
				8BB6A7471DC3CB5500817591 /* AppDelegate.swift */,
				8BB6A7491DC3CB5500817591 /* ViewController.swift */,
				8BB6A74B1DC3CB5500817591 /* Main.storyboard */,
				8BB6A74E1DC3CB5500817591 /* Assets.xcassets */,
				8BB6A7501DC3CB5500817591 /* LaunchScreen.storyboard */,
				8BB6A7531DC3CB5500817591 /* Info.plist */,
			);
			path = Hackathon;
			sourceTree = "<group>";
		};
		8BB6A75B1DC3CB5500817591 /* HackathonTests */ = {
			isa = PBXGroup;
			children = (
				8BB6A75C1DC3CB5500817591 /* HackathonTests.swift */,
				8BB6A75E1DC3CB5500817591 /* Info.plist */,
			);
			path = HackathonTests;
			sourceTree = "<group>";
		};
/* End PBXGroup section */

/* Begin PBXNativeTarget section */
		8BB6A7431DC3CB5500817591 /* Hackathon */ = {
			isa = PBXNativeTarget;
			buildConfigurationList = 8BB6A7611DC3CB5500817591 /* Build configuration list for PBXNativeTarget "Hackathon" */;
			buildPhases = (
				8BB6A7401DC3CB5500817591 /* Sources */,
				8BB6A7411DC3CB5500817591 /* Frameworks */,
				8BB6A7421DC3CB5500817591 /* Resources */,
			);
			buildRules = (
			);
			dependencies = (
			);
			name = Hackathon;
			productName = Hackathon;
			productReference = 8BB6A7441DC3CB5500817591 /* Hackathon.app */;
			productType = "com.apple.product-type.application";
		};
		8BB6A7571DC3CB5500817591 /* HackathonTests */ = {
			isa = PBXNativeTarget;
			buildConfigurationList = 8BB6A7641DC3CB5500817591 /* Build configuration list for PBXNativeTarget "HackathonTests" */;
			buildPhases = (
				8BB6A7541DC3CB5500817591 /* Sources */,
				8BB6A7551DC3CB5500817591 /* Frameworks */,
				8BB6A7561DC3CB5500817591 /* Resources */,
			);
			buildRules = (
			);
			dependencies = (
				8BB6A75A1DC3CB5500817591 /* PBXTargetDependency */,
			);
			name = HackathonTests;
			productName = HackathonTests;
			productReference = 8BB6A7581DC3CB5500817591 /* HackathonTests.xctest */;
			productType = "com.apple.product-type.bundle.unit-test";
		};
/* End PBXNativeTarget section */

/* Begin PBXProject section */
		8BB6A73C1DC3CB5500817591 /* Project object */ = {
			isa = PBXProject;
			attributes = {
				LastSwiftUpdateCheck = 0800;
				LastUpgradeCheck = 0800;
				ORGANIZATIONNAME = "Daniel Kim";
				TargetAttributes = {
					8BB6A7431DC3CB5500817591 = {
						CreatedOnToolsVersion = 8.0;
						DevelopmentTeam = P257QVWC92;
						ProvisioningStyle = Automatic;
					};
					8BB6A7571DC3CB5500817591 = {
						CreatedOnToolsVersion = 8.0;
						DevelopmentTeam = P257QVWC92;
						ProvisioningStyle = Automatic;
						TestTargetID = 8BB6A7431DC3CB5500817591;
					};
				};
			};
			buildConfigurationList = 8BB6A73F1DC3CB5500817591 /* Build configuration list for PBXProject "Hackathon" */;
			compatibilityVersion = "Xcode 3.2";
			developmentRegion = English;
			hasScannedForEncodings = 0;
			knownRegions = (
				en,
				Base,
			);
			mainGroup = 8BB6A73B1DC3CB5500817591;
			productRefGroup = 8BB6A7451DC3CB5500817591 /* Products */;
			projectDirPath = "";
			projectRoot = "";
			targets = (
				8BB6A7431DC3CB5500817591 /* Hackathon */,
				8BB6A7571DC3CB5500817591 /* HackathonTests */,
			);
		};
/* End PBXProject section */

/* Begin PBXResourcesBuildPhase section */
		8BB6A7421DC3CB5500817591 /* Resources */ = {
			isa = PBXResourcesBuildPhase;
			buildActionMask = 2147483647;
			files = (
				8BB6A7521DC3CB5500817591 /* LaunchScreen.storyboard in Resources */,
				8BB6A74F1DC3CB5500817591 /* Assets.xcassets in Resources */,
				8BB6A74D1DC3CB5500817591 /* Main.storyboard in Resources */,
			);
			runOnlyForDeploymentPostprocessing = 0;
		};
		8BB6A7561DC3CB5500817591 /* Resources */ = {
			isa = PBXResourcesBuildPhase;
			buildActionMask = 2147483647;
			files = (
			);
			runOnlyForDeploymentPostprocessing = 0;
		};
/* End PBXResourcesBuildPhase section */

/* Begin PBXSourcesBuildPhase section */
		8BB6A7401DC3CB5500817591 /* Sources */ = {
			isa = PBXSourcesBuildPhase;
			buildActionMask = 2147483647;
			files = (
				8BB6A74A1DC3CB5500817591 /* ViewController.swift in Sources */,
				8BB6A7481DC3CB5500817591 /* AppDelegate.swift in Sources */,
			);
			runOnlyForDeploymentPostprocessing = 0;
		};
		8BB6A7541DC3CB5500817591 /* Sources */ = {
			isa = PBXSourcesBuildPhase;
			buildActionMask = 2147483647;
			files = (
				8BB6A75D1DC3CB5500817591 /* HackathonTests.swift in Sources */,
			);
			runOnlyForDeploymentPostprocessing = 0;
		};
/* End PBXSourcesBuildPhase section */

/* Begin PBXTargetDependency section */
		8BB6A75A1DC3CB5500817591 /* PBXTargetDependency */ = {
			isa = PBXTargetDependency;
			target = 8BB6A7431DC3CB5500817591 /* Hackathon */;
			targetProxy = 8BB6A7591DC3CB5500817591 /* PBXContainerItemProxy */;
		};
/* End PBXTargetDependency section */

/* Begin PBXVariantGroup section */
		8BB6A74B1DC3CB5500817591 /* Main.storyboard */ = {
			isa = PBXVariantGroup;
			children = (
				8BB6A74C1DC3CB5500817591 /* Base */,
			);
			name = Main.storyboard;
			sourceTree = "<group>";
		};
		8BB6A7501DC3CB5500817591 /* LaunchScreen.storyboard */ = {
			isa = PBXVariantGroup;
			children = (
				8BB6A7511DC3CB5500817591 /* Base */,
			);
			name = LaunchScreen.storyboard;
			sourceTree = "<group>";
		};
/* End PBXVariantGroup section */

/* Begin XCBuildConfiguration section */
		8BB6A75F1DC3CB5500817591 /* Debug */ = {
			isa = XCBuildConfiguration;
			buildSettings = {
				ALWAYS_SEARCH_USER_PATHS = NO;
				CLANG_ANALYZER_NONNULL = YES;
				CLANG_CXX_LANGUAGE_STANDARD = "gnu++0x";
				CLANG_CXX_LIBRARY = "libc++";
				CLANG_ENABLE_MODULES = YES;
				CLANG_ENABLE_OBJC_ARC = YES;
				CLANG_WARN_BOOL_CONVERSION = YES;
				CLANG_WARN_CONSTANT_CONVERSION = YES;
				CLANG_WARN_DIRECT_OBJC_ISA_USAGE = YES_ERROR;
				CLANG_WARN_DOCUMENTATION_COMMENTS = YES;
				CLANG_WARN_EMPTY_BODY = YES;
				CLANG_WARN_ENUM_CONVERSION = YES;
				CLANG_WARN_INFINITE_RECURSION = YES;
				CLANG_WARN_INT_CONVERSION = YES;
				CLANG_WARN_OBJC_ROOT_CLASS = YES_ERROR;
				CLANG_WARN_SUSPICIOUS_MOVES = YES;
				CLANG_WARN_UNREACHABLE_CODE = YES;
				CLANG_WARN__DUPLICATE_METHOD_MATCH = YES;
				"CODE_SIGN_IDENTITY[sdk=iphoneos*]" = "iPhone Developer";
				COPY_PHASE_STRIP = NO;
				DEBUG_INFORMATION_FORMAT = dwarf;
				ENABLE_STRICT_OBJC_MSGSEND = YES;
				ENABLE_TESTABILITY = YES;
				GCC_C_LANGUAGE_STANDARD = gnu99;
				GCC_DYNAMIC_NO_PIC = NO;
				GCC_NO_COMMON_BLOCKS = YES;
				GCC_OPTIMIZATION_LEVEL = 0;
				GCC_PREPROCESSOR_DEFINITIONS = (
					"DEBUG=1",
					"$(inherited)",
				);
				GCC_WARN_64_TO_32_BIT_CONVERSION = YES;
				GCC_WARN_ABOUT_RETURN_TYPE = YES_ERROR;
				GCC_WARN_UNDECLARED_SELECTOR = YES;
				GCC_WARN_UNINITIALIZED_AUTOS = YES_AGGRESSIVE;
				GCC_WARN_UNUSED_FUNCTION = YES;
				GCC_WARN_UNUSED_VARIABLE = YES;
				IPHONEOS_DEPLOYMENT_TARGET = 10.0;
				MTL_ENABLE_DEBUG_INFO = YES;
				ONLY_ACTIVE_ARCH = YES;
				SDKROOT = iphoneos;
				SWIFT_ACTIVE_COMPILATION_CONDITIONS = DEBUG;
				SWIFT_OPTIMIZATION_LEVEL = "-Onone";
				TARGETED_DEVICE_FAMILY = "1,2";
			};
			name = Debug;
		};
		8BB6A7601DC3CB5500817591 /* Release */ = {
			isa = XCBuildConfiguration;
			buildSettings = {
				ALWAYS_SEARCH_USER_PATHS = NO;
				CLANG_ANALYZER_NONNULL = YES;
				CLANG_CXX_LANGUAGE_STANDARD = "gnu++0x";
				CLANG_CXX_LIBRARY = "libc++";
				CLANG_ENABLE_MODULES = YES;
				CLANG_ENABLE_OBJC_ARC = YES;
				CLANG_WARN_BOOL_CONVERSION = YES;
				CLANG_WARN_CONSTANT_CONVERSION = YES;
				CLANG_WARN_DIRECT_OBJC_ISA_USAGE = YES_ERROR;
				CLANG_WARN_DOCUMENTATION_COMMENTS = YES;
				CLANG_WARN_EMPTY_BODY = YES;
				CLANG_WARN_ENUM_CONVERSION = YES;
				CLANG_WARN_INFINITE_RECURSION = YES;
				CLANG_WARN_INT_CONVERSION = YES;
				CLANG_WARN_OBJC_ROOT_CLASS = YES_ERROR;
				CLANG_WARN_SUSPICIOUS_MOVES = YES;
				CLANG_WARN_UNREACHABLE_CODE = YES;
				CLANG_WARN__DUPLICATE_METHOD_MATCH = YES;
				"CODE_SIGN_IDENTITY[sdk=iphoneos*]" = "iPhone Developer";
				COPY_PHASE_STRIP = NO;
				DEBUG_INFORMATION_FORMAT = "dwarf-with-dsym";
				ENABLE_NS_ASSERTIONS = NO;
				ENABLE_STRICT_OBJC_MSGSEND = YES;
				GCC_C_LANGUAGE_STANDARD = gnu99;
				GCC_NO_COMMON_BLOCKS = YES;
				GCC_WARN_64_TO_32_BIT_CONVERSION = YES;
				GCC_WARN_ABOUT_RETURN_TYPE = YES_ERROR;
				GCC_WARN_UNDECLARED_SELECTOR = YES;
				GCC_WARN_UNINITIALIZED_AUTOS = YES_AGGRESSIVE;
				GCC_WARN_UNUSED_FUNCTION = YES;
				GCC_WARN_UNUSED_VARIABLE = YES;
				IPHONEOS_DEPLOYMENT_TARGET = 10.0;
				MTL_ENABLE_DEBUG_INFO = NO;
				SDKROOT = iphoneos;
				SWIFT_OPTIMIZATION_LEVEL = "-Owholemodule";
				TARGETED_DEVICE_FAMILY = "1,2";
				VALIDATE_PRODUCT = YES;
			};
			name = Release;
		};
		8BB6A7621DC3CB5500817591 /* Debug */ = {
			isa = XCBuildConfiguration;
			buildSettings = {
				ASSETCATALOG_COMPILER_APPICON_NAME = AppIcon;
				DEVELOPMENT_TEAM = P257QVWC92;
				INFOPLIST_FILE = Hackathon/Info.plist;
				LD_RUNPATH_SEARCH_PATHS = "$(inherited) @executable_path/Frameworks";
				PRODUCT_BUNDLE_IDENTIFIER = com.example.Hackathon;
				PRODUCT_NAME = "$(TARGET_NAME)";
				SWIFT_VERSION = 3.0;
			};
			name = Debug;
		};
		8BB6A7631DC3CB5500817591 /* Release */ = {
			isa = XCBuildConfiguration;
			buildSettings = {
				ASSETCATALOG_COMPILER_APPICON_NAME = AppIcon;
				DEVELOPMENT_TEAM = P257QVWC92;
				INFOPLIST_FILE = Hackathon/Info.plist;
				LD_RUNPATH_SEARCH_PATHS = "$(inherited) @executable_path/Frameworks";
				PRODUCT_BUNDLE_IDENTIFIER = com.example.Hackathon;
				PRODUCT_NAME = "$(TARGET_NAME)";
				SWIFT_VERSION = 3.0;
			};
			name = Release;
		};
		8BB6A7651DC3CB5500817591 /* Debug */ = {
			isa = XCBuildConfiguration;
			buildSettings = {
				ALWAYS_EMBED_SWIFT_STANDARD_LIBRARIES = YES;
				BUNDLE_LOADER = "$(TEST_HOST)";
				DEVELOPMENT_TEAM = P257QVWC92;
				INFOPLIST_FILE = HackathonTests/Info.plist;
				LD_RUNPATH_SEARCH_PATHS = "$(inherited) @executable_path/Frameworks @loader_path/Frameworks";
				PRODUCT_BUNDLE_IDENTIFIER = com.example.HackathonTests;
				PRODUCT_NAME = "$(TARGET_NAME)";
				SWIFT_VERSION = 3.0;
				TEST_HOST = "$(BUILT_PRODUCTS_DIR)/Hackathon.app/Hackathon";
			};
			name = Debug;
		};
		8BB6A7661DC3CB5500817591 /* Release */ = {
			isa = XCBuildConfiguration;
			buildSettings = {
				ALWAYS_EMBED_SWIFT_STANDARD_LIBRARIES = YES;
				BUNDLE_LOADER = "$(TEST_HOST)";
				DEVELOPMENT_TEAM = P257QVWC92;
				INFOPLIST_FILE = HackathonTests/Info.plist;
				LD_RUNPATH_SEARCH_PATHS = "$(inherited) @executable_path/Frameworks @loader_path/Frameworks";
				PRODUCT_BUNDLE_IDENTIFIER = com.example.HackathonTests;
				PRODUCT_NAME = "$(TARGET_NAME)";
				SWIFT_VERSION = 3.0;
				TEST_HOST = "$(BUILT_PRODUCTS_DIR)/Hackathon.app/Hackathon";
			};
			name = Release;
		};
/* End XCBuildConfiguration section */

/* Begin XCConfigurationList section */
		8BB6A73F1DC3CB5500817591 /* Build configuration list for PBXProject "Hackathon" */ = {
			isa = XCConfigurationList;
			buildConfigurations = (
				8BB6A75F1DC3CB5500817591 /* Debug */,
				8BB6A7601DC3CB5500817591 /* Release */,
			);
			defaultConfigurationIsVisible = 0;
			defaultConfigurationName = Release;
		};
		8BB6A7611DC3CB5500817591 /* Build configuration list for PBXNativeTarget "Hackathon" */ = {
			isa = XCConfigurationList;
			buildConfigurations = (
				8BB6A7621DC3CB5500817591 /* Debug */,
				8BB6A7631DC3CB5500817591 /* Release */,
			);
			defaultConfigurationIsVisible = 0;
		};
		8BB6A7641DC3CB5500817591 /* Build configuration list for PBXNativeTarget "HackathonTests" */ = {
			isa = XCConfigurationList;
			buildConfigurations = (
				8BB6A7651DC3CB5500817591 /* Debug */,
				8BB6A7661DC3CB5500817591 /* Release */,
			);
			defaultConfigurationIsVisible = 0;
		};
/* End XCConfigurationList section */
	};
	rootObject = 8BB6A73C1DC3CB5500817591 /* Project object */;
}
